# This file is automatically @generated by Cargo.
# It is not intended for manual editing.
version = 4

[[package]]
name = "rl78-core"
version = "0.1.0"
dependencies = [
 "sim-kernel",
]

[[package]]
name = "sim-kernel"
version = "0.1.0"

[[package]]
name = "simulation-rl78-core"
version = "0.1.0"
dependencies = [
 "rl78-core",
 "sim-kernel",
]
